
Microsoft Visual Studio Solution File, Format Version 12.00
# Visual Studio 15
VisualStudioVersion = 15.0.27004.2002
MinimumVisualStudioVersion = 10.0.40219.1
Project("{2150E333-8FDC-42A3-9474-1A3956D46DE8}") = "1 WebMain", "1 WebMain", "{9BB8B163-8590-486F-8C77-5832F668A134}"
EndProject
Project("{2150E333-8FDC-42A3-9474-1A3956D46DE8}") = "1.1 Presentation", "1.1 Presentation", "{DA941A9C-A7DD-4586-8777-CF028DAC2CDF}"
EndProject
Project("{2150E333-8FDC-42A3-9474-1A3956D46DE8}") = "1.2 WebAPI", "1.2 WebAPI", "{BEDAC4BA-38AD-4A9B-8008-0C20A6F643B8}"
EndProject
Project("{2150E333-8FDC-42A3-9474-1A3956D46DE8}") = "1.3 Service", "1.3 Service", "{B228B71B-368C-4901-9184-C31CB70CFA8B}"
EndProject
Project("{2150E333-8FDC-42A3-9474-1A3956D46DE8}") = "1.4 Repository", "1.4 Repository", "{D62879FF-1395-4B6E-BCF0-39973C273F00}"
EndProject
Project("{FAE04EC0-301F-11D3-BF4B-00C04F79EFBC}") = "WebMainRepository", "WebMainRepository\WebMainRepository.csproj", "{27155D81-53F3-4E10-B70A-05E915A4B144}"
EndProject
Project("{FAE04EC0-301F-11D3-BF4B-00C04F79EFBC}") = "WebMainService", "WebMainService\WebMainService.csproj", "{EBD13E20-0933-46E7-80B0-4AB914C5B7E7}"
EndProject
Project("{FAE04EC0-301F-11D3-BF4B-00C04F79EFBC}") = "WebMainAPI", "WebMainAPI\WebMainAPI.csproj", "{42FE4CF0-4EBA-4CD3-AF37-7A7C5407546D}"
EndProject
Project("{FAE04EC0-301F-11D3-BF4B-00C04F79EFBC}") = "WebMainAPI.Tests", "WebMainAPI.Tests\WebMainAPI.Tests.csproj", "{CA3B07E5-C4BC-4460-BDAA-EB07C8B70ED2}"
EndProject
Project("{FAE04EC0-301F-11D3-BF4B-00C04F79EFBC}") = "WebMainMVC", "WebMainMVC\WebMainMVC.csproj", "{130317FC-896C-4C9F-AF25-A820615B6198}"
EndProject
Project("{FAE04EC0-301F-11D3-BF4B-00C04F79EFBC}") = "WebMainMVC.Tests", "WebMainMVC.Tests\WebMainMVC.Tests.csproj", "{04FB5036-7074-4642-BDC7-BE28B53A1140}"
EndProject
Project("{2150E333-8FDC-42A3-9474-1A3956D46DE8}") = "1.5 Console", "1.5 Console", "{04981ACF-4A78-426B-8A17-EFDFA68A39E4}"
EndProject
Project("{FAE04EC0-301F-11D3-BF4B-00C04F79EFBC}") = "TestConsoleApp", "TestConsoleApp\TestConsoleApp.csproj", "{46F45069-8CEA-4092-BD95-BBDC3B3719D8}"
EndProject
Global
	GlobalSection(SolutionConfigurationPlatforms) = preSolution
		Debug|Any CPU = Debug|Any CPU
		Release|Any CPU = Release|Any CPU
	EndGlobalSection
	GlobalSection(ProjectConfigurationPlatforms) = postSolution
		{27155D81-53F3-4E10-B70A-05E915A4B144}.Debug|Any CPU.ActiveCfg = Debug|Any CPU
		{27155D81-53F3-4E10-B70A-05E915A4B144}.Debug|Any CPU.Build.0 = Debug|Any CPU
		{27155D81-53F3-4E10-B70A-05E915A4B144}.Release|Any CPU.ActiveCfg = Release|Any CPU
		{27155D81-53F3-4E10-B70A-05E915A4B144}.Release|Any CPU.Build.0 = Release|Any CPU
		{EBD13E20-0933-46E7-80B0-4AB914C5B7E7}.Debug|Any CPU.ActiveCfg = Debug|Any CPU
		{EBD13E20-0933-46E7-80B0-4AB914C5B7E7}.Debug|Any CPU.Build.0 = Debug|Any CPU
		{EBD13E20-0933-46E7-80B0-4AB914C5B7E7}.Release|Any CPU.ActiveCfg = Release|Any CPU
		{EBD13E20-0933-46E7-80B0-4AB914C5B7E7}.Release|Any CPU.Build.0 = Release|Any CPU
		{42FE4CF0-4EBA-4CD3-AF37-7A7C5407546D}.Debug|Any CPU.ActiveCfg = Debug|Any CPU
		{42FE4CF0-4EBA-4CD3-AF37-7A7C5407546D}.Debug|Any CPU.Build.0 = Debug|Any CPU
		{42FE4CF0-4EBA-4CD3-AF37-7A7C5407546D}.Release|Any CPU.ActiveCfg = Release|Any CPU
		{42FE4CF0-4EBA-4CD3-AF37-7A7C5407546D}.Release|Any CPU.Build.0 = Release|Any CPU
		{CA3B07E5-C4BC-4460-BDAA-EB07C8B70ED2}.Debug|Any CPU.ActiveCfg = Debug|Any CPU
		{CA3B07E5-C4BC-4460-BDAA-EB07C8B70ED2}.Debug|Any CPU.Build.0 = Debug|Any CPU
		{CA3B07E5-C4BC-4460-BDAA-EB07C8B70ED2}.Release|Any CPU.ActiveCfg = Release|Any CPU
		{CA3B07E5-C4BC-4460-BDAA-EB07C8B70ED2}.Release|Any CPU.Build.0 = Release|Any CPU
		{130317FC-896C-4C9F-AF25-A820615B6198}.Debug|Any CPU.ActiveCfg = Debug|Any CPU
		{130317FC-896C-4C9F-AF25-A820615B6198}.Debug|Any CPU.Build.0 = Debug|Any CPU
		{130317FC-896C-4C9F-AF25-A820615B6198}.Release|Any CPU.ActiveCfg = Release|Any CPU
		{130317FC-896C-4C9F-AF25-A820615B6198}.Release|Any CPU.Build.0 = Release|Any CPU
		{04FB5036-7074-4642-BDC7-BE28B53A1140}.Debug|Any CPU.ActiveCfg = Debug|Any CPU
		{04FB5036-7074-4642-BDC7-BE28B53A1140}.Debug|Any CPU.Build.0 = Debug|Any CPU
		{04FB5036-7074-4642-BDC7-BE28B53A1140}.Release|Any CPU.ActiveCfg = Release|Any CPU
		{04FB5036-7074-4642-BDC7-BE28B53A1140}.Release|Any CPU.Build.0 = Release|Any CPU
		{46F45069-8CEA-4092-BD95-BBDC3B3719D8}.Debug|Any CPU.ActiveCfg = Debug|Any CPU
		{46F45069-8CEA-4092-BD95-BBDC3B3719D8}.Debug|Any CPU.Build.0 = Debug|Any CPU
		{46F45069-8CEA-4092-BD95-BBDC3B3719D8}.Release|Any CPU.ActiveCfg = Release|Any CPU
		{46F45069-8CEA-4092-BD95-BBDC3B3719D8}.Release|Any CPU.Build.0 = Release|Any CPU
	EndGlobalSection
	GlobalSection(SolutionProperties) = preSolution
		HideSolutionNode = FALSE
	EndGlobalSection
	GlobalSection(NestedProjects) = preSolution
		{DA941A9C-A7DD-4586-8777-CF028DAC2CDF} = {9BB8B163-8590-486F-8C77-5832F668A134}
		{BEDAC4BA-38AD-4A9B-8008-0C20A6F643B8} = {9BB8B163-8590-486F-8C77-5832F668A134}
		{B228B71B-368C-4901-9184-C31CB70CFA8B} = {9BB8B163-8590-486F-8C77-5832F668A134}
		{D62879FF-1395-4B6E-BCF0-39973C273F00} = {9BB8B163-8590-486F-8C77-5832F668A134}
		{27155D81-53F3-4E10-B70A-05E915A4B144} = {D62879FF-1395-4B6E-BCF0-39973C273F00}
		{EBD13E20-0933-46E7-80B0-4AB914C5B7E7} = {B228B71B-368C-4901-9184-C31CB70CFA8B}
		{42FE4CF0-4EBA-4CD3-AF37-7A7C5407546D} = {BEDAC4BA-38AD-4A9B-8008-0C20A6F643B8}
		{CA3B07E5-C4BC-4460-BDAA-EB07C8B70ED2} = {BEDAC4BA-38AD-4A9B-8008-0C20A6F643B8}
		{130317FC-896C-4C9F-AF25-A820615B6198} = {DA941A9C-A7DD-4586-8777-CF028DAC2CDF}
		{04FB5036-7074-4642-BDC7-BE28B53A1140} = {DA941A9C-A7DD-4586-8777-CF028DAC2CDF}
		{04981ACF-4A78-426B-8A17-EFDFA68A39E4} = {9BB8B163-8590-486F-8C77-5832F668A134}
		{46F45069-8CEA-4092-BD95-BBDC3B3719D8} = {04981ACF-4A78-426B-8A17-EFDFA68A39E4}
	EndGlobalSection
	GlobalSection(ExtensibilityGlobals) = postSolution
		SolutionGuid = {3590EF6B-697E-464D-88CB-21EF6E2EA0F9}
	EndGlobalSection
EndGlobal
